
Microsoft Visual Studio Solution File, Format Version 12.00
# Visual Studio Version 17
VisualStudioVersion = 17.12.35728.132
MinimumVisualStudioVersion = 10.0.40219.1
Project("{FAE04EC0-301F-11D3-BF4B-00C04F79EFBC}") = "RemoteConfig.Api", "RemoteConfig.Api\RemoteConfig.Api.csproj", "{4AC46E7D-3FAC-4A8A-BCBB-5C053530558C}"
EndProject
Project("{FAE04EC0-301F-11D3-BF4B-00C04F79EFBC}") = "RemoteConfig.Application", "RemoteConfig.Application\RemoteConfig.Application.csproj", "{F1D5960E-708B-422A-BCB9-2DC92411E8DB}"
EndProject
Project("{FAE04EC0-301F-11D3-BF4B-00C04F79EFBC}") = "RemoteConfig.Core", "RemoteConfig.Core\RemoteConfig.Core.csproj", "{2CF7652A-5141-47CB-B20A-708BF5F73E5F}"
EndProject
Project("{FAE04EC0-301F-11D3-BF4B-00C04F79EFBC}") = "RemoteConfig.DataAccess", "RemoteConfig.DataAccess\RemoteConfig.DataAccess.csproj", "{CC670C63-06D8-41A8-9DF8-2C7C3A2E201B}"
EndProject
Project("{FAE04EC0-301F-11D3-BF4B-00C04F79EFBC}") = "RemoteConfig.Shared", "RemoteConfig.Shared\RemoteConfig.Shared.csproj", "{5868F62A-62DD-4DC4-BB2F-3FDA310C07F3}"
EndProject
Global
	GlobalSection(SolutionConfigurationPlatforms) = preSolution
		Debug|Any CPU = Debug|Any CPU
		Release|Any CPU = Release|Any CPU
	EndGlobalSection
	GlobalSection(ProjectConfigurationPlatforms) = postSolution
		{4AC46E7D-3FAC-4A8A-BCBB-5C053530558C}.Debug|Any CPU.ActiveCfg = Debug|Any CPU
		{4AC46E7D-3FAC-4A8A-BCBB-5C053530558C}.Debug|Any CPU.Build.0 = Debug|Any CPU
		{4AC46E7D-3FAC-4A8A-BCBB-5C053530558C}.Release|Any CPU.ActiveCfg = Release|Any CPU
		{4AC46E7D-3FAC-4A8A-BCBB-5C053530558C}.Release|Any CPU.Build.0 = Release|Any CPU
		{F1D5960E-708B-422A-BCB9-2DC92411E8DB}.Debug|Any CPU.ActiveCfg = Debug|Any CPU
		{F1D5960E-708B-422A-BCB9-2DC92411E8DB}.Debug|Any CPU.Build.0 = Debug|Any CPU
		{F1D5960E-708B-422A-BCB9-2DC92411E8DB}.Release|Any CPU.ActiveCfg = Release|Any CPU
		{F1D5960E-708B-422A-BCB9-2DC92411E8DB}.Release|Any CPU.Build.0 = Release|Any CPU
		{2CF7652A-5141-47CB-B20A-708BF5F73E5F}.Debug|Any CPU.ActiveCfg = Debug|Any CPU
		{2CF7652A-5141-47CB-B20A-708BF5F73E5F}.Debug|Any CPU.Build.0 = Debug|Any CPU
		{2CF7652A-5141-47CB-B20A-708BF5F73E5F}.Release|Any CPU.ActiveCfg = Release|Any CPU
		{2CF7652A-5141-47CB-B20A-708BF5F73E5F}.Release|Any CPU.Build.0 = Release|Any CPU
		{CC670C63-06D8-41A8-9DF8-2C7C3A2E201B}.Debug|Any CPU.ActiveCfg = Debug|Any CPU
		{CC670C63-06D8-41A8-9DF8-2C7C3A2E201B}.Debug|Any CPU.Build.0 = Debug|Any CPU
		{CC670C63-06D8-41A8-9DF8-2C7C3A2E201B}.Release|Any CPU.ActiveCfg = Release|Any CPU
		{CC670C63-06D8-41A8-9DF8-2C7C3A2E201B}.Release|Any CPU.Build.0 = Release|Any CPU
		{5868F62A-62DD-4DC4-BB2F-3FDA310C07F3}.Debug|Any CPU.ActiveCfg = Debug|Any CPU
		{5868F62A-62DD-4DC4-BB2F-3FDA310C07F3}.Debug|Any CPU.Build.0 = Debug|Any CPU
		{5868F62A-62DD-4DC4-BB2F-3FDA310C07F3}.Release|Any CPU.ActiveCfg = Release|Any CPU
		{5868F62A-62DD-4DC4-BB2F-3FDA310C07F3}.Release|Any CPU.Build.0 = Release|Any CPU
	EndGlobalSection
	GlobalSection(SolutionProperties) = preSolution
		HideSolutionNode = FALSE
	EndGlobalSection
EndGlobal
